
Microsoft Visual Studio Solution File, Format Version 12.00
# Visual Studio Version 17
VisualStudioVersion = 17.5.33530.505
MinimumVisualStudioVersion = 10.0.40219.1
Project("{FAE04EC0-301F-11D3-BF4B-00C04F79EFBC}") = "Devices.API", "Devices.API\Devices.API.csproj", "{F15353A8-6566-4242-A6CE-AA3A990A1330}"
EndProject
Global
	GlobalSection(SolutionConfigurationPlatforms) = preSolution
		Debug|Any CPU = Debug|Any CPU
		Release|Any CPU = Release|Any CPU
	EndGlobalSection
	GlobalSection(ProjectConfigurationPlatforms) = postSolution
		{F15353A8-6566-4242-A6CE-AA3A990A1330}.Debug|Any CPU.ActiveCfg = Debug|Any CPU
		{F15353A8-6566-4242-A6CE-AA3A990A1330}.Debug|Any CPU.Build.0 = Debug|Any CPU
		{F15353A8-6566-4242-A6CE-AA3A990A1330}.Release|Any CPU.ActiveCfg = Release|Any CPU
		{F15353A8-6566-4242-A6CE-AA3A990A1330}.Release|Any CPU.Build.0 = Release|Any CPU
	EndGlobalSection
	GlobalSection(SolutionProperties) = preSolution
		HideSolutionNode = FALSE
	EndGlobalSection
	GlobalSection(ExtensibilityGlobals) = postSolution
		SolutionGuid = {4A4861B1-F733-48BA-B8B7-F092E43554A2}
	EndGlobalSection
EndGlobal
